
Microsoft Visual Studio Solution File, Format Version 12.00
# Visual Studio Version 17
VisualStudioVersion = 17.2.32616.157
MinimumVisualStudioVersion = 10.0.40219.1
Project("{FAE04EC0-301F-11D3-BF4B-00C04F79EFBC}") = "ProjektSemestralny", "ProjektSemestralny\ProjektSemestralny.csproj", "{89140732-405E-4E04-9E49-F7B16526EC53}"
EndProject
Global
	GlobalSection(SolutionConfigurationPlatforms) = preSolution
		Debug|Any CPU = Debug|Any CPU
		Release|Any CPU = Release|Any CPU
	EndGlobalSection
	GlobalSection(ProjectConfigurationPlatforms) = postSolution
		{89140732-405E-4E04-9E49-F7B16526EC53}.Debug|Any CPU.ActiveCfg = Debug|Any CPU
		{89140732-405E-4E04-9E49-F7B16526EC53}.Debug|Any CPU.Build.0 = Debug|Any CPU
		{89140732-405E-4E04-9E49-F7B16526EC53}.Release|Any CPU.ActiveCfg = Release|Any CPU
		{89140732-405E-4E04-9E49-F7B16526EC53}.Release|Any CPU.Build.0 = Release|Any CPU
	EndGlobalSection
	GlobalSection(SolutionProperties) = preSolution
		HideSolutionNode = FALSE
	EndGlobalSection
	GlobalSection(ExtensibilityGlobals) = postSolution
		SolutionGuid = {57ABAA41-80AB-4B8A-8358-013A95F7B6CD}
	EndGlobalSection
EndGlobal
